
Microsoft Visual Studio Solution File, Format Version 12.00
# Visual Studio Version 16
VisualStudioVersion = 16.0.30717.126
MinimumVisualStudioVersion = 10.0.40219.1
Project("{FAE04EC0-301F-11D3-BF4B-00C04F79EFBC}") = "WebApplication1", "WebApplication1\WebApplication1.csproj", "{B7388F45-A0F3-4CF7-867E-A01CBBB4D1F9}"
EndProject
Global
	GlobalSection(SolutionConfigurationPlatforms) = preSolution
		Debug|Any CPU = Debug|Any CPU
		Release|Any CPU = Release|Any CPU
	EndGlobalSection
	GlobalSection(ProjectConfigurationPlatforms) = postSolution
		{B7388F45-A0F3-4CF7-867E-A01CBBB4D1F9}.Debug|Any CPU.ActiveCfg = Debug|Any CPU
		{B7388F45-A0F3-4CF7-867E-A01CBBB4D1F9}.Debug|Any CPU.Build.0 = Debug|Any CPU
		{B7388F45-A0F3-4CF7-867E-A01CBBB4D1F9}.Release|Any CPU.ActiveCfg = Release|Any CPU
		{B7388F45-A0F3-4CF7-867E-A01CBBB4D1F9}.Release|Any CPU.Build.0 = Release|Any CPU
	EndGlobalSection
	GlobalSection(SolutionProperties) = preSolution
		HideSolutionNode = FALSE
	EndGlobalSection
	GlobalSection(ExtensibilityGlobals) = postSolution
		SolutionGuid = {7AD208C2-FD47-437A-9F0A-45ECE7CFDD52}
	EndGlobalSection
EndGlobal
